
Microsoft Visual Studio Solution File, Format Version 11.00
# Visual Studio 2010
Project("{FAE04EC0-301F-11D3-BF4B-00C04F79EFBC}") = "MvcExtensions", "MvcExtensions.csproj", "{B7B037C8-B8A7-4121-AAD8-635CCEB6F583}"
EndProject
Project("{FAE04EC0-301F-11D3-BF4B-00C04F79EFBC}") = "Sample", "..\Sample\Sample.csproj", "{ADD16D28-B7A3-4666-91B5-9A4CCAB5C69B}"
EndProject
Global
	GlobalSection(SolutionConfigurationPlatforms) = preSolution
		Debug|Any CPU = Debug|Any CPU
		Release|Any CPU = Release|Any CPU
	EndGlobalSection
	GlobalSection(ProjectConfigurationPlatforms) = postSolution
		{B7B037C8-B8A7-4121-AAD8-635CCEB6F583}.Debug|Any CPU.ActiveCfg = Debug|Any CPU
		{B7B037C8-B8A7-4121-AAD8-635CCEB6F583}.Debug|Any CPU.Build.0 = Debug|Any CPU
		{B7B037C8-B8A7-4121-AAD8-635CCEB6F583}.Release|Any CPU.ActiveCfg = Release|Any CPU
		{B7B037C8-B8A7-4121-AAD8-635CCEB6F583}.Release|Any CPU.Build.0 = Release|Any CPU
		{ADD16D28-B7A3-4666-91B5-9A4CCAB5C69B}.Debug|Any CPU.ActiveCfg = Debug|Any CPU
		{ADD16D28-B7A3-4666-91B5-9A4CCAB5C69B}.Debug|Any CPU.Build.0 = Debug|Any CPU
		{ADD16D28-B7A3-4666-91B5-9A4CCAB5C69B}.Release|Any CPU.ActiveCfg = Release|Any CPU
		{ADD16D28-B7A3-4666-91B5-9A4CCAB5C69B}.Release|Any CPU.Build.0 = Release|Any CPU
	EndGlobalSection
	GlobalSection(SolutionProperties) = preSolution
		HideSolutionNode = FALSE
	EndGlobalSection
EndGlobal
